// !$*UTF8*$!
{
	archiveVersion = 1;
	classes = {
	};
	objectVersion = 50;
	objects = {

/* Begin PBXBuildFile section */
		13CE8D0C2693115100806010 /* NeverlateApp.swift in Sources */ = {isa = PBXBuildFile; fileRef = 13CE8CF82693114F00806010 /* NeverlateApp.swift */; };
		13CE8D0D2693115100806010 /* WelcomeScreen.swift in Sources */ = {isa = PBXBuildFile; fileRef = 13CE8CF92693114F00806010 /* WelcomeScreen.swift */; };
		13CE8D0E2693115100806010 /* WelcomeScreen.swift in Sources */ = {isa = PBXBuildFile; fileRef = 13CE8CF92693114F00806010 /* WelcomeScreen.swift */; };
		13CE8D0F2693115100806010 /* Assets.xcassets in Resources */ = {isa = PBXBuildFile; fileRef = 13CE8CFA2693115100806010 /* Assets.xcassets */; };
		310843FF26B2FBA70027AABB /* MeetingsList.swift in Sources */ = {isa = PBXBuildFile; fileRef = 312CD40126970657000CF3CD /* MeetingsList.swift */; };
		3108440026B2FBB00027AABB /* MeetingsData.swift in Sources */ = {isa = PBXBuildFile; fileRef = 312CD404269861CB000CF3CD /* MeetingsData.swift */; };
		3108440126B2FCFE0027AABB /* SettingsScreen.swift in Sources */ = {isa = PBXBuildFile; fileRef = 3115F9DD26A5A900006F969A /* SettingsScreen.swift */; };
		3115F9DF26A5A900006F969A /* SettingsScreen.swift in Sources */ = {isa = PBXBuildFile; fileRef = 3115F9DD26A5A900006F969A /* SettingsScreen.swift */; };
		312CD3ED26932B7B000CF3CD /* Colors.xcassets in Resources */ = {isa = PBXBuildFile; fileRef = 312CD3EC26932B7B000CF3CD /* Colors.xcassets */; };
		312CD3EE26932B7B000CF3CD /* Colors.xcassets in Resources */ = {isa = PBXBuildFile; fileRef = 312CD3EC26932B7B000CF3CD /* Colors.xcassets */; };
		312CD3F72695BBB9000CF3CD /* NavigationContainer.swift in Sources */ = {isa = PBXBuildFile; fileRef = 312CD3F52695BBB9000CF3CD /* NavigationContainer.swift */; };
		312CD3FD2695C256000CF3CD /* CalendarAccessScreen.swift in Sources */ = {isa = PBXBuildFile; fileRef = 312CD3FB2695C256000CF3CD /* CalendarAccessScreen.swift */; };
		312CD4002695C3FA000CF3CD /* AutoLaunchScreen.swift in Sources */ = {isa = PBXBuildFile; fileRef = 312CD3FE2695C3FA000CF3CD /* AutoLaunchScreen.swift */; };
		312CD40326970657000CF3CD /* MeetingsList.swift in Sources */ = {isa = PBXBuildFile; fileRef = 312CD40126970657000CF3CD /* MeetingsList.swift */; };
		312CD406269861CB000CF3CD /* MeetingsData.swift in Sources */ = {isa = PBXBuildFile; fileRef = 312CD404269861CB000CF3CD /* MeetingsData.swift */; };
		3163E3A526A9A6D500009022 /* Notification.swift in Sources */ = {isa = PBXBuildFile; fileRef = 3163E3A426A9A6D500009022 /* Notification.swift */; };
		3163E3A626A9A81D00009022 /* Notification.swift in Sources */ = {isa = PBXBuildFile; fileRef = 3163E3A426A9A6D500009022 /* Notification.swift */; };
		3163E3A826AADA4B00009022 /* Constants.swift in Sources */ = {isa = PBXBuildFile; fileRef = 3163E3A726AADA4B00009022 /* Constants.swift */; };
		3163E3A926AADA4B00009022 /* Constants.swift in Sources */ = {isa = PBXBuildFile; fileRef = 3163E3A726AADA4B00009022 /* Constants.swift */; };
		3163E3AB26AEF0B900009022 /* EventStore.swift in Sources */ = {isa = PBXBuildFile; fileRef = 3163E3AA26AEF0B900009022 /* EventStore.swift */; };
		3163E3AC26AEF0B900009022 /* EventStore.swift in Sources */ = {isa = PBXBuildFile; fileRef = 3163E3AA26AEF0B900009022 /* EventStore.swift */; };
		3163E3D926B1539900009022 /* Main.storyboard in Resources */ = {isa = PBXBuildFile; fileRef = 3163E3D726B1539900009022 /* Main.storyboard */; };
		3193B97626B82C6D004F3A69 /* View+SectionHeader.swift in Sources */ = {isa = PBXBuildFile; fileRef = 31F34A5026B1928400A183A9 /* View+SectionHeader.swift */; };
		3193B97726B82C70004F3A69 /* View+RowStyle.swift in Sources */ = {isa = PBXBuildFile; fileRef = 31F34A5D26B2C79100A183A9 /* View+RowStyle.swift */; };
		3193B97826B82CF2004F3A69 /* Assets.xcassets in Resources */ = {isa = PBXBuildFile; fileRef = 13CE8CFA2693115100806010 /* Assets.xcassets */; };
		31B42ECB26A16BFB00017C77 /* AppDelegate.swift in Sources */ = {isa = PBXBuildFile; fileRef = 31B42ECA26A16BFB00017C77 /* AppDelegate.swift */; };
		31B42ED926A16E4A00017C77 /* main.swift in Sources */ = {isa = PBXBuildFile; fileRef = 31B42ED826A16E4A00017C77 /* main.swift */; };
		31B42EDB26A16ED300017C77 /* AutoLauncher.app in CopyFiles */ = {isa = PBXBuildFile; fileRef = 31B42EC826A16BFB00017C77 /* AutoLauncher.app */; settings = {ATTRIBUTES = (RemoveHeadersOnCopy, ); }; };
		31B42EDE26A16EEA00017C77 /* ServiceManagement.framework in Frameworks */ = {isa = PBXBuildFile; fileRef = 31B42EDD26A16EEA00017C77 /* ServiceManagement.framework */; };
		31F34A5226B1928400A183A9 /* View+SectionHeader.swift in Sources */ = {isa = PBXBuildFile; fileRef = 31F34A5026B1928400A183A9 /* View+SectionHeader.swift */; };
		31F34A5426B2B08A00A183A9 /* NeverlateiOS.swift in Sources */ = {isa = PBXBuildFile; fileRef = 31F34A5326B2B08A00A183A9 /* NeverlateiOS.swift */; };
		31F34A5626B2B1DD00A183A9 /* NavigationContainer.swift in Sources */ = {isa = PBXBuildFile; fileRef = 31F34A5526B2B1DD00A183A9 /* NavigationContainer.swift */; };
		31F34A5C26B2B5B500A183A9 /* CalendarAccessScreen.swift in Sources */ = {isa = PBXBuildFile; fileRef = 312CD3FB2695C256000CF3CD /* CalendarAccessScreen.swift */; };
		31F34A5E26B2C79100A183A9 /* View+RowStyle.swift in Sources */ = {isa = PBXBuildFile; fileRef = 31F34A5D26B2C79100A183A9 /* View+RowStyle.swift */; };
/* End PBXBuildFile section */

/* Begin PBXCopyFilesBuildPhase section */
		31B42EDA26A16EB600017C77 /* CopyFiles */ = {
			isa = PBXCopyFilesBuildPhase;
			buildActionMask = 2147483647;
			dstPath = Contents/Library/LoginItems;
			dstSubfolderSpec = 1;
			files = (
				31B42EDB26A16ED300017C77 /* AutoLauncher.app in CopyFiles */,
			);
			runOnlyForDeploymentPostprocessing = 0;
		};
/* End PBXCopyFilesBuildPhase section */

/* Begin PBXFileReference section */
		13CE8CF82693114F00806010 /* NeverlateApp.swift */ = {isa = PBXFileReference; lastKnownFileType = sourcecode.swift; path = NeverlateApp.swift; sourceTree = "<group>"; };
		13CE8CF92693114F00806010 /* WelcomeScreen.swift */ = {isa = PBXFileReference; lastKnownFileType = sourcecode.swift; path = WelcomeScreen.swift; sourceTree = "<group>"; };
		13CE8CFA2693115100806010 /* Assets.xcassets */ = {isa = PBXFileReference; lastKnownFileType = folder.assetcatalog; path = Assets.xcassets; sourceTree = "<group>"; };
		13CE8CFF2693115100806010 /* Neverlate.app */ = {isa = PBXFileReference; explicitFileType = wrapper.application; includeInIndex = 0; path = Neverlate.app; sourceTree = BUILT_PRODUCTS_DIR; };
		13CE8D022693115100806010 /* Info.plist */ = {isa = PBXFileReference; lastKnownFileType = text.plist.xml; path = Info.plist; sourceTree = "<group>"; };
		13CE8D072693115100806010 /* Neverlate.app */ = {isa = PBXFileReference; explicitFileType = wrapper.application; includeInIndex = 0; path = Neverlate.app; sourceTree = BUILT_PRODUCTS_DIR; };
		13CE8D092693115100806010 /* Info.plist */ = {isa = PBXFileReference; lastKnownFileType = text.plist.xml; path = Info.plist; sourceTree = "<group>"; };
		13CE8D0A2693115100806010 /* macOS.entitlements */ = {isa = PBXFileReference; lastKnownFileType = text.plist.entitlements; path = macOS.entitlements; sourceTree = "<group>"; };
		3115F9DD26A5A900006F969A /* SettingsScreen.swift */ = {isa = PBXFileReference; lastKnownFileType = sourcecode.swift; path = SettingsScreen.swift; sourceTree = "<group>"; };
		312CD3EC26932B7B000CF3CD /* Colors.xcassets */ = {isa = PBXFileReference; lastKnownFileType = folder.assetcatalog; path = Colors.xcassets; sourceTree = "<group>"; };
		312CD3F52695BBB9000CF3CD /* NavigationContainer.swift */ = {isa = PBXFileReference; lastKnownFileType = sourcecode.swift; path = NavigationContainer.swift; sourceTree = "<group>"; };
		312CD3FB2695C256000CF3CD /* CalendarAccessScreen.swift */ = {isa = PBXFileReference; lastKnownFileType = sourcecode.swift; path = CalendarAccessScreen.swift; sourceTree = "<group>"; };
		312CD3FE2695C3FA000CF3CD /* AutoLaunchScreen.swift */ = {isa = PBXFileReference; lastKnownFileType = sourcecode.swift; path = AutoLaunchScreen.swift; sourceTree = "<group>"; };
		312CD40126970657000CF3CD /* MeetingsList.swift */ = {isa = PBXFileReference; lastKnownFileType = sourcecode.swift; path = MeetingsList.swift; sourceTree = "<group>"; };
		312CD404269861CB000CF3CD /* MeetingsData.swift */ = {isa = PBXFileReference; lastKnownFileType = sourcecode.swift; path = MeetingsData.swift; sourceTree = "<group>"; };
		3163E3A426A9A6D500009022 /* Notification.swift */ = {isa = PBXFileReference; lastKnownFileType = sourcecode.swift; path = Notification.swift; sourceTree = "<group>"; };
		3163E3A726AADA4B00009022 /* Constants.swift */ = {isa = PBXFileReference; lastKnownFileType = sourcecode.swift; path = Constants.swift; sourceTree = "<group>"; };
		3163E3AA26AEF0B900009022 /* EventStore.swift */ = {isa = PBXFileReference; lastKnownFileType = sourcecode.swift; path = EventStore.swift; sourceTree = "<group>"; };
		3163E3D726B1539900009022 /* Main.storyboard */ = {isa = PBXFileReference; lastKnownFileType = file.storyboard; path = Main.storyboard; sourceTree = "<group>"; };
		31B42EC826A16BFB00017C77 /* AutoLauncher.app */ = {isa = PBXFileReference; explicitFileType = wrapper.application; includeInIndex = 0; path = AutoLauncher.app; sourceTree = BUILT_PRODUCTS_DIR; };
		31B42ECA26A16BFB00017C77 /* AppDelegate.swift */ = {isa = PBXFileReference; lastKnownFileType = sourcecode.swift; path = AppDelegate.swift; sourceTree = "<group>"; };
		31B42ED326A16BFC00017C77 /* Info.plist */ = {isa = PBXFileReference; lastKnownFileType = text.plist.xml; path = Info.plist; sourceTree = "<group>"; };
		31B42ED426A16BFC00017C77 /* AutoLauncher.entitlements */ = {isa = PBXFileReference; lastKnownFileType = text.plist.entitlements; path = AutoLauncher.entitlements; sourceTree = "<group>"; };
		31B42ED826A16E4A00017C77 /* main.swift */ = {isa = PBXFileReference; lastKnownFileType = sourcecode.swift; path = main.swift; sourceTree = "<group>"; };
		31B42EDD26A16EEA00017C77 /* ServiceManagement.framework */ = {isa = PBXFileReference; lastKnownFileType = wrapper.framework; name = ServiceManagement.framework; path = System/Library/Frameworks/ServiceManagement.framework; sourceTree = SDKROOT; };
		31F34A5026B1928400A183A9 /* View+SectionHeader.swift */ = {isa = PBXFileReference; lastKnownFileType = sourcecode.swift; path = "View+SectionHeader.swift"; sourceTree = "<group>"; };
		31F34A5326B2B08A00A183A9 /* NeverlateiOS.swift */ = {isa = PBXFileReference; lastKnownFileType = sourcecode.swift; path = NeverlateiOS.swift; sourceTree = "<group>"; };
		31F34A5526B2B1DD00A183A9 /* NavigationContainer.swift */ = {isa = PBXFileReference; lastKnownFileType = sourcecode.swift; path = NavigationContainer.swift; sourceTree = "<group>"; };
		31F34A5D26B2C79100A183A9 /* View+RowStyle.swift */ = {isa = PBXFileReference; lastKnownFileType = sourcecode.swift; path = "View+RowStyle.swift"; sourceTree = "<group>"; };
/* End PBXFileReference section */

/* Begin PBXFrameworksBuildPhase section */
		13CE8CFC2693115100806010 /* Frameworks */ = {
			isa = PBXFrameworksBuildPhase;
			buildActionMask = 2147483647;
			files = (
			);
			runOnlyForDeploymentPostprocessing = 0;
		};
		13CE8D042693115100806010 /* Frameworks */ = {
			isa = PBXFrameworksBuildPhase;
			buildActionMask = 2147483647;
			files = (
				31B42EDE26A16EEA00017C77 /* ServiceManagement.framework in Frameworks */,
			);
			runOnlyForDeploymentPostprocessing = 0;
		};
		31B42EC526A16BFB00017C77 /* Frameworks */ = {
			isa = PBXFrameworksBuildPhase;
			buildActionMask = 2147483647;
			files = (
			);
			runOnlyForDeploymentPostprocessing = 0;
		};
/* End PBXFrameworksBuildPhase section */

/* Begin PBXGroup section */
		13CE8CF22693114F00806010 = {
			isa = PBXGroup;
			children = (
				13CE8CF72693114F00806010 /* Shared */,
				13CE8D012693115100806010 /* iOS */,
				13CE8D082693115100806010 /* macOS */,
				31B42EC926A16BFB00017C77 /* AutoLauncher */,
				13CE8D002693115100806010 /* Products */,
				31B42EDC26A16EEA00017C77 /* Frameworks */,
			);
			sourceTree = "<group>";
		};
		13CE8CF72693114F00806010 /* Shared */ = {
			isa = PBXGroup;
			children = (
				3163E3A326A9A69D00009022 /* Extensions */,
				13CE8CF82693114F00806010 /* NeverlateApp.swift */,
				3163E3D726B1539900009022 /* Main.storyboard */,
				312CD3FE2695C3FA000CF3CD /* AutoLaunchScreen.swift */,
				3115F9DD26A5A900006F969A /* SettingsScreen.swift */,
				312CD3FB2695C256000CF3CD /* CalendarAccessScreen.swift */,
				312CD404269861CB000CF3CD /* MeetingsData.swift */,
				312CD40126970657000CF3CD /* MeetingsList.swift */,
				312CD3F52695BBB9000CF3CD /* NavigationContainer.swift */,
				13CE8CF92693114F00806010 /* WelcomeScreen.swift */,
				312CD3EC26932B7B000CF3CD /* Colors.xcassets */,
				13CE8CFA2693115100806010 /* Assets.xcassets */,
				3163E3A726AADA4B00009022 /* Constants.swift */,
			);
			path = Shared;
			sourceTree = "<group>";
		};
		13CE8D002693115100806010 /* Products */ = {
			isa = PBXGroup;
			children = (
				13CE8CFF2693115100806010 /* Neverlate.app */,
				13CE8D072693115100806010 /* Neverlate.app */,
				31B42EC826A16BFB00017C77 /* AutoLauncher.app */,
			);
			name = Products;
			sourceTree = "<group>";
		};
		13CE8D012693115100806010 /* iOS */ = {
			isa = PBXGroup;
			children = (
				13CE8D022693115100806010 /* Info.plist */,
				31F34A5326B2B08A00A183A9 /* NeverlateiOS.swift */,
				31F34A5526B2B1DD00A183A9 /* NavigationContainer.swift */,
			);
			path = iOS;
			sourceTree = "<group>";
		};
		13CE8D082693115100806010 /* macOS */ = {
			isa = PBXGroup;
			children = (
				13CE8D092693115100806010 /* Info.plist */,
				13CE8D0A2693115100806010 /* macOS.entitlements */,
			);
			path = macOS;
			sourceTree = "<group>";
		};
		3163E3A326A9A69D00009022 /* Extensions */ = {
			isa = PBXGroup;
			children = (
				3163E3A426A9A6D500009022 /* Notification.swift */,
				3163E3AA26AEF0B900009022 /* EventStore.swift */,
				31F34A5026B1928400A183A9 /* View+SectionHeader.swift */,
				31F34A5D26B2C79100A183A9 /* View+RowStyle.swift */,
			);
			path = Extensions;
			sourceTree = "<group>";
		};
		31B42EC926A16BFB00017C77 /* AutoLauncher */ = {
			isa = PBXGroup;
			children = (
				31B42ECA26A16BFB00017C77 /* AppDelegate.swift */,
				31B42ED826A16E4A00017C77 /* main.swift */,
				31B42ED326A16BFC00017C77 /* Info.plist */,
				31B42ED426A16BFC00017C77 /* AutoLauncher.entitlements */,
			);
			path = AutoLauncher;
			sourceTree = "<group>";
		};
		31B42EDC26A16EEA00017C77 /* Frameworks */ = {
			isa = PBXGroup;
			children = (
				31B42EDD26A16EEA00017C77 /* ServiceManagement.framework */,
			);
			name = Frameworks;
			sourceTree = "<group>";
		};
/* End PBXGroup section */

/* Begin PBXNativeTarget section */
		13CE8CFE2693115100806010 /* Neverlate (iOS) */ = {
			isa = PBXNativeTarget;
			buildConfigurationList = 13CE8D132693115100806010 /* Build configuration list for PBXNativeTarget "Neverlate (iOS)" */;
			buildPhases = (
				13CE8CFB2693115100806010 /* Sources */,
				13CE8CFC2693115100806010 /* Frameworks */,
				13CE8CFD2693115100806010 /* Resources */,
			);
			buildRules = (
			);
			dependencies = (
			);
			name = "Neverlate (iOS)";
			productName = "Neverlate (iOS)";
			productReference = 13CE8CFF2693115100806010 /* Neverlate.app */;
			productType = "com.apple.product-type.application";
		};
		13CE8D062693115100806010 /* Neverlate (macOS) */ = {
			isa = PBXNativeTarget;
			buildConfigurationList = 13CE8D162693115100806010 /* Build configuration list for PBXNativeTarget "Neverlate (macOS)" */;
			buildPhases = (
				13CE8D032693115100806010 /* Sources */,
				13CE8D042693115100806010 /* Frameworks */,
				13CE8D052693115100806010 /* Resources */,
				31B42EDA26A16EB600017C77 /* CopyFiles */,
			);
			buildRules = (
			);
			dependencies = (
			);
			name = "Neverlate (macOS)";
			productName = "Neverlate (macOS)";
			productReference = 13CE8D072693115100806010 /* Neverlate.app */;
			productType = "com.apple.product-type.application";
		};
		31B42EC726A16BFB00017C77 /* AutoLauncher */ = {
			isa = PBXNativeTarget;
			buildConfigurationList = 31B42ED726A16BFC00017C77 /* Build configuration list for PBXNativeTarget "AutoLauncher" */;
			buildPhases = (
				31B42EC426A16BFB00017C77 /* Sources */,
				31B42EC526A16BFB00017C77 /* Frameworks */,
				31B42EC626A16BFB00017C77 /* Resources */,
			);
			buildRules = (
			);
			dependencies = (
			);
			name = AutoLauncher;
			productName = AutoLauncher;
			productReference = 31B42EC826A16BFB00017C77 /* AutoLauncher.app */;
			productType = "com.apple.product-type.application";
		};
/* End PBXNativeTarget section */

/* Begin PBXProject section */
		13CE8CF32693114F00806010 /* Project object */ = {
			isa = PBXProject;
			attributes = {
				LastSwiftUpdateCheck = 1250;
				LastUpgradeCheck = 1250;
				TargetAttributes = {
					13CE8CFE2693115100806010 = {
						CreatedOnToolsVersion = 12.5.1;
					};
					13CE8D062693115100806010 = {
						CreatedOnToolsVersion = 12.5.1;
					};
					31B42EC726A16BFB00017C77 = {
						CreatedOnToolsVersion = 12.5.1;
					};
				};
			};
			buildConfigurationList = 13CE8CF62693114F00806010 /* Build configuration list for PBXProject "Neverlate" */;
			compatibilityVersion = "Xcode 9.3";
			developmentRegion = en;
			hasScannedForEncodings = 0;
			knownRegions = (
				en,
				Base,
			);
			mainGroup = 13CE8CF22693114F00806010;
			productRefGroup = 13CE8D002693115100806010 /* Products */;
			projectDirPath = "";
			projectRoot = "";
			targets = (
				13CE8CFE2693115100806010 /* Neverlate (iOS) */,
				13CE8D062693115100806010 /* Neverlate (macOS) */,
				31B42EC726A16BFB00017C77 /* AutoLauncher */,
			);
		};
/* End PBXProject section */

/* Begin PBXResourcesBuildPhase section */
		13CE8CFD2693115100806010 /* Resources */ = {
			isa = PBXResourcesBuildPhase;
			buildActionMask = 2147483647;
			files = (
				13CE8D0F2693115100806010 /* Assets.xcassets in Resources */,
				312CD3ED26932B7B000CF3CD /* Colors.xcassets in Resources */,
			);
			runOnlyForDeploymentPostprocessing = 0;
		};
		13CE8D052693115100806010 /* Resources */ = {
			isa = PBXResourcesBuildPhase;
			buildActionMask = 2147483647;
			files = (
				3163E3D926B1539900009022 /* Main.storyboard in Resources */,
				3193B97826B82CF2004F3A69 /* Assets.xcassets in Resources */,
				312CD3EE26932B7B000CF3CD /* Colors.xcassets in Resources */,
			);
			runOnlyForDeploymentPostprocessing = 0;
		};
		31B42EC626A16BFB00017C77 /* Resources */ = {
			isa = PBXResourcesBuildPhase;
			buildActionMask = 2147483647;
			files = (
			);
			runOnlyForDeploymentPostprocessing = 0;
		};
/* End PBXResourcesBuildPhase section */

/* Begin PBXSourcesBuildPhase section */
		13CE8CFB2693115100806010 /* Sources */ = {
			isa = PBXSourcesBuildPhase;
			buildActionMask = 2147483647;
			files = (
				3163E3A526A9A6D500009022 /* Notification.swift in Sources */,
				3108440026B2FBB00027AABB /* MeetingsData.swift in Sources */,
				31F34A5C26B2B5B500A183A9 /* CalendarAccessScreen.swift in Sources */,
				31F34A5426B2B08A00A183A9 /* NeverlateiOS.swift in Sources */,
				3163E3A826AADA4B00009022 /* Constants.swift in Sources */,
				13CE8D0D2693115100806010 /* WelcomeScreen.swift in Sources */,
				31F34A5626B2B1DD00A183A9 /* NavigationContainer.swift in Sources */,
				3193B97626B82C6D004F3A69 /* View+SectionHeader.swift in Sources */,
				3108440126B2FCFE0027AABB /* SettingsScreen.swift in Sources */,
				3193B97726B82C70004F3A69 /* View+RowStyle.swift in Sources */,
				3163E3AB26AEF0B900009022 /* EventStore.swift in Sources */,
				310843FF26B2FBA70027AABB /* MeetingsList.swift in Sources */,
			);
			runOnlyForDeploymentPostprocessing = 0;
		};
		13CE8D032693115100806010 /* Sources */ = {
			isa = PBXSourcesBuildPhase;
			buildActionMask = 2147483647;
			files = (
				31F34A5E26B2C79100A183A9 /* View+RowStyle.swift in Sources */,
				3115F9DF26A5A900006F969A /* SettingsScreen.swift in Sources */,
				312CD40326970657000CF3CD /* MeetingsList.swift in Sources */,
				3163E3A626A9A81D00009022 /* Notification.swift in Sources */,
				312CD3F72695BBB9000CF3CD /* NavigationContainer.swift in Sources */,
				312CD406269861CB000CF3CD /* MeetingsData.swift in Sources */,
				3163E3A926AADA4B00009022 /* Constants.swift in Sources */,
				13CE8D0E2693115100806010 /* WelcomeScreen.swift in Sources */,
				3163E3AC26AEF0B900009022 /* EventStore.swift in Sources */,
				31F34A5226B1928400A183A9 /* View+SectionHeader.swift in Sources */,
				312CD4002695C3FA000CF3CD /* AutoLaunchScreen.swift in Sources */,
				312CD3FD2695C256000CF3CD /* CalendarAccessScreen.swift in Sources */,
				13CE8D0C2693115100806010 /* NeverlateApp.swift in Sources */,
			);
			runOnlyForDeploymentPostprocessing = 0;
		};
		31B42EC426A16BFB00017C77 /* Sources */ = {
			isa = PBXSourcesBuildPhase;
			buildActionMask = 2147483647;
			files = (
				31B42ED926A16E4A00017C77 /* main.swift in Sources */,
				31B42ECB26A16BFB00017C77 /* AppDelegate.swift in Sources */,
			);
			runOnlyForDeploymentPostprocessing = 0;
		};
/* End PBXSourcesBuildPhase section */

/* Begin XCBuildConfiguration section */
		13CE8D112693115100806010 /* Debug */ = {
			isa = XCBuildConfiguration;
			buildSettings = {
				ALWAYS_SEARCH_USER_PATHS = NO;
				CLANG_ANALYZER_NONNULL = YES;
				CLANG_ANALYZER_NUMBER_OBJECT_CONVERSION = YES_AGGRESSIVE;
				CLANG_CXX_LANGUAGE_STANDARD = "gnu++14";
				CLANG_CXX_LIBRARY = "libc++";
				CLANG_ENABLE_MODULES = YES;
				CLANG_ENABLE_OBJC_ARC = YES;
				CLANG_ENABLE_OBJC_WEAK = YES;
				CLANG_WARN_BLOCK_CAPTURE_AUTORELEASING = YES;
				CLANG_WARN_BOOL_CONVERSION = YES;
				CLANG_WARN_COMMA = YES;
				CLANG_WARN_CONSTANT_CONVERSION = YES;
				CLANG_WARN_DEPRECATED_OBJC_IMPLEMENTATIONS = YES;
				CLANG_WARN_DIRECT_OBJC_ISA_USAGE = YES_ERROR;
				CLANG_WARN_DOCUMENTATION_COMMENTS = YES;
				CLANG_WARN_EMPTY_BODY = YES;
				CLANG_WARN_ENUM_CONVERSION = YES;
				CLANG_WARN_INFINITE_RECURSION = YES;
				CLANG_WARN_INT_CONVERSION = YES;
				CLANG_WARN_NON_LITERAL_NULL_CONVERSION = YES;
				CLANG_WARN_OBJC_IMPLICIT_RETAIN_SELF = YES;
				CLANG_WARN_OBJC_LITERAL_CONVERSION = YES;
				CLANG_WARN_OBJC_ROOT_CLASS = YES_ERROR;
				CLANG_WARN_QUOTED_INCLUDE_IN_FRAMEWORK_HEADER = YES;
				CLANG_WARN_RANGE_LOOP_ANALYSIS = YES;
				CLANG_WARN_STRICT_PROTOTYPES = YES;
				CLANG_WARN_SUSPICIOUS_MOVE = YES;
				CLANG_WARN_UNGUARDED_AVAILABILITY = YES_AGGRESSIVE;
				CLANG_WARN_UNREACHABLE_CODE = YES;
				CLANG_WARN__DUPLICATE_METHOD_MATCH = YES;
				COPY_PHASE_STRIP = NO;
				DEBUG_INFORMATION_FORMAT = dwarf;
				ENABLE_STRICT_OBJC_MSGSEND = YES;
				ENABLE_TESTABILITY = YES;
				GCC_C_LANGUAGE_STANDARD = gnu11;
				GCC_DYNAMIC_NO_PIC = NO;
				GCC_NO_COMMON_BLOCKS = YES;
				GCC_OPTIMIZATION_LEVEL = 0;
				GCC_PREPROCESSOR_DEFINITIONS = (
					"DEBUG=1",
					"$(inherited)",
				);
				GCC_WARN_64_TO_32_BIT_CONVERSION = YES;
				GCC_WARN_ABOUT_RETURN_TYPE = YES_ERROR;
				GCC_WARN_UNDECLARED_SELECTOR = YES;
				GCC_WARN_UNINITIALIZED_AUTOS = YES_AGGRESSIVE;
				GCC_WARN_UNUSED_FUNCTION = YES;
				GCC_WARN_UNUSED_VARIABLE = YES;
				MTL_ENABLE_DEBUG_INFO = INCLUDE_SOURCE;
				MTL_FAST_MATH = YES;
				ONLY_ACTIVE_ARCH = YES;
				SWIFT_ACTIVE_COMPILATION_CONDITIONS = DEBUG;
				SWIFT_OPTIMIZATION_LEVEL = "-Onone";
			};
			name = Debug;
		};
		13CE8D122693115100806010 /* Release */ = {
			isa = XCBuildConfiguration;
			buildSettings = {
				ALWAYS_SEARCH_USER_PATHS = NO;
				CLANG_ANALYZER_NONNULL = YES;
				CLANG_ANALYZER_NUMBER_OBJECT_CONVERSION = YES_AGGRESSIVE;
				CLANG_CXX_LANGUAGE_STANDARD = "gnu++14";
				CLANG_CXX_LIBRARY = "libc++";
				CLANG_ENABLE_MODULES = YES;
				CLANG_ENABLE_OBJC_ARC = YES;
				CLANG_ENABLE_OBJC_WEAK = YES;
				CLANG_WARN_BLOCK_CAPTURE_AUTORELEASING = YES;
				CLANG_WARN_BOOL_CONVERSION = YES;
				CLANG_WARN_COMMA = YES;
				CLANG_WARN_CONSTANT_CONVERSION = YES;
				CLANG_WARN_DEPRECATED_OBJC_IMPLEMENTATIONS = YES;
				CLANG_WARN_DIRECT_OBJC_ISA_USAGE = YES_ERROR;
				CLANG_WARN_DOCUMENTATION_COMMENTS = YES;
				CLANG_WARN_EMPTY_BODY = YES;
				CLANG_WARN_ENUM_CONVERSION = YES;
				CLANG_WARN_INFINITE_RECURSION = YES;
				CLANG_WARN_INT_CONVERSION = YES;
				CLANG_WARN_NON_LITERAL_NULL_CONVERSION = YES;
				CLANG_WARN_OBJC_IMPLICIT_RETAIN_SELF = YES;
				CLANG_WARN_OBJC_LITERAL_CONVERSION = YES;
				CLANG_WARN_OBJC_ROOT_CLASS = YES_ERROR;
				CLANG_WARN_QUOTED_INCLUDE_IN_FRAMEWORK_HEADER = YES;
				CLANG_WARN_RANGE_LOOP_ANALYSIS = YES;
				CLANG_WARN_STRICT_PROTOTYPES = YES;
				CLANG_WARN_SUSPICIOUS_MOVE = YES;
				CLANG_WARN_UNGUARDED_AVAILABILITY = YES_AGGRESSIVE;
				CLANG_WARN_UNREACHABLE_CODE = YES;
				CLANG_WARN__DUPLICATE_METHOD_MATCH = YES;
				COPY_PHASE_STRIP = NO;
				DEBUG_INFORMATION_FORMAT = "dwarf-with-dsym";
				ENABLE_NS_ASSERTIONS = NO;
				ENABLE_STRICT_OBJC_MSGSEND = YES;
				GCC_C_LANGUAGE_STANDARD = gnu11;
				GCC_NO_COMMON_BLOCKS = YES;
				GCC_WARN_64_TO_32_BIT_CONVERSION = YES;
				GCC_WARN_ABOUT_RETURN_TYPE = YES_ERROR;
				GCC_WARN_UNDECLARED_SELECTOR = YES;
				GCC_WARN_UNINITIALIZED_AUTOS = YES_AGGRESSIVE;
				GCC_WARN_UNUSED_FUNCTION = YES;
				GCC_WARN_UNUSED_VARIABLE = YES;
				MTL_ENABLE_DEBUG_INFO = NO;
				MTL_FAST_MATH = YES;
				SWIFT_COMPILATION_MODE = wholemodule;
				SWIFT_OPTIMIZATION_LEVEL = "-O";
			};
			name = Release;
		};
		13CE8D142693115100806010 /* Debug */ = {
			isa = XCBuildConfiguration;
			buildSettings = {
				ASSETCATALOG_COMPILER_APPICON_NAME = AppIcon;
				ASSETCATALOG_COMPILER_GLOBAL_ACCENT_COLOR_NAME = AccentColor;
				CODE_SIGN_STYLE = Automatic;
				DEVELOPMENT_TEAM = 6T79FJ92Q9;
				ENABLE_PREVIEWS = YES;
				INFOPLIST_FILE = iOS/Info.plist;
				IPHONEOS_DEPLOYMENT_TARGET = 14.0;
				LD_RUNPATH_SEARCH_PATHS = (
					"$(inherited)",
					"@executable_path/Frameworks",
				);
				PRODUCT_BUNDLE_IDENTIFIER = com.redrazzr.Neverlate;
				PRODUCT_NAME = Neverlate;
				SDKROOT = iphoneos;
				SWIFT_VERSION = 5.0;
				TARGETED_DEVICE_FAMILY = "1,2";
			};
			name = Debug;
		};
		13CE8D152693115100806010 /* Release */ = {
			isa = XCBuildConfiguration;
			buildSettings = {
				ASSETCATALOG_COMPILER_APPICON_NAME = AppIcon;
				ASSETCATALOG_COMPILER_GLOBAL_ACCENT_COLOR_NAME = AccentColor;
				CODE_SIGN_STYLE = Automatic;
				DEVELOPMENT_TEAM = 6T79FJ92Q9;
				ENABLE_PREVIEWS = YES;
				INFOPLIST_FILE = iOS/Info.plist;
				IPHONEOS_DEPLOYMENT_TARGET = 14.0;
				LD_RUNPATH_SEARCH_PATHS = (
					"$(inherited)",
					"@executable_path/Frameworks",
				);
				PRODUCT_BUNDLE_IDENTIFIER = com.redrazzr.Neverlate;
				PRODUCT_NAME = Neverlate;
				SDKROOT = iphoneos;
				SWIFT_VERSION = 5.0;
				TARGETED_DEVICE_FAMILY = "1,2";
				VALIDATE_PRODUCT = YES;
			};
			name = Release;
		};
		13CE8D172693115100806010 /* Debug */ = {
			isa = XCBuildConfiguration;
			buildSettings = {
				ASSETCATALOG_COMPILER_APPICON_NAME = AppIcon;
				ASSETCATALOG_COMPILER_GLOBAL_ACCENT_COLOR_NAME = AccentColor;
				CODE_SIGN_ENTITLEMENTS = macOS/macOS.entitlements;
				CODE_SIGN_STYLE = Automatic;
				COMBINE_HIDPI_IMAGES = YES;
				DEVELOPMENT_TEAM = 6T79FJ92Q9;
				ENABLE_HARDENED_RUNTIME = YES;
				ENABLE_PREVIEWS = YES;
				INFOPLIST_FILE = macOS/Info.plist;
				LD_RUNPATH_SEARCH_PATHS = (
					"$(inherited)",
					"@executable_path/../Frameworks",
				);
				MACOSX_DEPLOYMENT_TARGET = 10.15;
				PRODUCT_BUNDLE_IDENTIFIER = com.redrazzr.Neverlate;
				PRODUCT_NAME = Neverlate;
				SDKROOT = macosx;
				SWIFT_VERSION = 5.0;
			};
			name = Debug;
		};
		13CE8D182693115100806010 /* Release */ = {
			isa = XCBuildConfiguration;
			buildSettings = {
				ASSETCATALOG_COMPILER_APPICON_NAME = AppIcon;
				ASSETCATALOG_COMPILER_GLOBAL_ACCENT_COLOR_NAME = AccentColor;
				CODE_SIGN_ENTITLEMENTS = macOS/macOS.entitlements;
				CODE_SIGN_STYLE = Automatic;
				COMBINE_HIDPI_IMAGES = YES;
				DEVELOPMENT_TEAM = 6T79FJ92Q9;
				ENABLE_HARDENED_RUNTIME = YES;
				ENABLE_PREVIEWS = YES;
				INFOPLIST_FILE = macOS/Info.plist;
				LD_RUNPATH_SEARCH_PATHS = (
					"$(inherited)",
					"@executable_path/../Frameworks",
				);
				MACOSX_DEPLOYMENT_TARGET = 10.15;
				PRODUCT_BUNDLE_IDENTIFIER = com.redrazzr.Neverlate;
				PRODUCT_NAME = Neverlate;
				SDKROOT = macosx;
				SWIFT_VERSION = 5.0;
			};
			name = Release;
		};
		31B42ED526A16BFC00017C77 /* Debug */ = {
			isa = XCBuildConfiguration;
			buildSettings = {
				ASSETCATALOG_COMPILER_APPICON_NAME = AppIcon;
				ASSETCATALOG_COMPILER_GLOBAL_ACCENT_COLOR_NAME = AccentColor;
				CODE_SIGN_ENTITLEMENTS = AutoLauncher/AutoLauncher.entitlements;
				CODE_SIGN_STYLE = Automatic;
				COMBINE_HIDPI_IMAGES = YES;
				DEVELOPMENT_TEAM = 6T79FJ92Q9;
				ENABLE_HARDENED_RUNTIME = YES;
				INFOPLIST_FILE = AutoLauncher/Info.plist;
				LD_RUNPATH_SEARCH_PATHS = (
					"$(inherited)",
					"@executable_path/../Frameworks",
				);
				MACOSX_DEPLOYMENT_TARGET = 11.3;
				PRODUCT_BUNDLE_IDENTIFIER = com.redrazzr.AutoLauncher;
				PRODUCT_NAME = "$(TARGET_NAME)";
				SDKROOT = macosx;
				SKIP_INSTALL = YES;
				SWIFT_VERSION = 5.0;
			};
			name = Debug;
		};
		31B42ED626A16BFC00017C77 /* Release */ = {
			isa = XCBuildConfiguration;
			buildSettings = {
				ASSETCATALOG_COMPILER_APPICON_NAME = AppIcon;
				ASSETCATALOG_COMPILER_GLOBAL_ACCENT_COLOR_NAME = AccentColor;
				CODE_SIGN_ENTITLEMENTS = AutoLauncher/AutoLauncher.entitlements;
				CODE_SIGN_STYLE = Automatic;
				COMBINE_HIDPI_IMAGES = YES;
				DEVELOPMENT_TEAM = 6T79FJ92Q9;
				ENABLE_HARDENED_RUNTIME = YES;
				INFOPLIST_FILE = AutoLauncher/Info.plist;
				LD_RUNPATH_SEARCH_PATHS = (
					"$(inherited)",
					"@executable_path/../Frameworks",
				);
				MACOSX_DEPLOYMENT_TARGET = 11.3;
				PRODUCT_BUNDLE_IDENTIFIER = com.redrazzr.AutoLauncher;
				PRODUCT_NAME = "$(TARGET_NAME)";
				SDKROOT = macosx;
				SKIP_INSTALL = YES;
				SWIFT_VERSION = 5.0;
			};
			name = Release;
		};
/* End XCBuildConfiguration section */

/* Begin XCConfigurationList section */
		13CE8CF62693114F00806010 /* Build configuration list for PBXProject "Neverlate" */ = {
			isa = XCConfigurationList;
			buildConfigurations = (
				13CE8D112693115100806010 /* Debug */,
				13CE8D122693115100806010 /* Release */,
			);
			defaultConfigurationIsVisible = 0;
			defaultConfigurationName = Release;
		};
		13CE8D132693115100806010 /* Build configuration list for PBXNativeTarget "Neverlate (iOS)" */ = {
			isa = XCConfigurationList;
			buildConfigurations = (
				13CE8D142693115100806010 /* Debug */,
				13CE8D152693115100806010 /* Release */,
			);
			defaultConfigurationIsVisible = 0;
			defaultConfigurationName = Release;
		};
		13CE8D162693115100806010 /* Build configuration list for PBXNativeTarget "Neverlate (macOS)" */ = {
			isa = XCConfigurationList;
			buildConfigurations = (
				13CE8D172693115100806010 /* Debug */,
				13CE8D182693115100806010 /* Release */,
			);
			defaultConfigurationIsVisible = 0;
			defaultConfigurationName = Release;
		};
		31B42ED726A16BFC00017C77 /* Build configuration list for PBXNativeTarget "AutoLauncher" */ = {
			isa = XCConfigurationList;
			buildConfigurations = (
				31B42ED526A16BFC00017C77 /* Debug */,
				31B42ED626A16BFC00017C77 /* Release */,
			);
			defaultConfigurationIsVisible = 0;
			defaultConfigurationName = Release;
		};
/* End XCConfigurationList section */
	};
	rootObject = 13CE8CF32693114F00806010 /* Project object */;
}
